{
  "name": "personal-projects",
  "version": "1.0.0",
  "lockfileVersion": 3,
  "requires": true,
  "packages": {
    "": {
      "name": "personal-projects",
      "version": "1.0.0",
      "license": "ISC",
      "dependencies": {
        "personal-projects": "file:"
      }
    },
    "node_modules/personal-projects": {
      "resolved": "",
      "link": true
    }
  }
}
